
Microsoft Visual Studio Solution File, Format Version 12.00
# Visual Studio 15
VisualStudioVersion = 15.0.27703.2000
MinimumVisualStudioVersion = 10.0.40219.1
Project("{2150E333-8FDC-42A3-9474-1A3956D46DE8}") = "Libraries", "Libraries", "{7427ECD9-7E6A-4053-806C-E92C678082D6}"
EndProject
Project("{2150E333-8FDC-42A3-9474-1A3956D46DE8}") = "Vendors", "Vendors", "{E65C57EB-B5F9-4A6C-83AC-B2E35D2153D7}"
EndProject
Project("{2150E333-8FDC-42A3-9474-1A3956D46DE8}") = "Domains", "Domains", "{1D8E2C4C-9217-487B-99D3-BF1138AC3A67}"
EndProject
Project("{FAE04EC0-301F-11D3-BF4B-00C04F79EFBC}") = "Confie.WesternGeneral", "src\Libraries\Domains\Vendors\Confie.WesternGeneral\Confie.WesternGeneral.csproj", "{BC5E4DDB-34B5-4A96-BA8F-73EDC9F2DB1C}"
EndProject
Project("{2150E333-8FDC-42A3-9474-1A3956D46DE8}") = "Infrastructure", "Infrastructure", "{F6428CE1-70C1-41F4-B5B4-CF7FA42D691A}"
EndProject
Project("{FAE04EC0-301F-11D3-BF4B-00C04F79EFBC}") = "Confie.Infrastructure", "src\Libraries\Infrastructure\Confie.Infrastructure\Confie.Infrastructure.csproj", "{495B42A0-F18F-4DE2-83BC-646A9154D2D8}"
EndProject
Project("{2150E333-8FDC-42A3-9474-1A3956D46DE8}") = "Integration", "Integration", "{8C3F5FB9-96CE-47E3-9804-269403662971}"
EndProject
Project("{FAE04EC0-301F-11D3-BF4B-00C04F79EFBC}") = "Confie.Integration", "src\Libraries\Integration\Confie.Integration\Confie.Integration.csproj", "{D149C679-5AF7-4246-8B64-88438A60CCDC}"
EndProject
Project("{FAE04EC0-301F-11D3-BF4B-00C04F79EFBC}") = "Confie.PolicyOne", "src\Libraries\Domains\Vendors\Confie.PolicyOne\Confie.PolicyOne.csproj", "{AF63A59D-8492-4C54-A677-7866B42AAB41}"
EndProject
Project("{FAE04EC0-301F-11D3-BF4B-00C04F79EFBC}") = "Confie.Integration.IntegrationTests", "src\Libraries\Integration\Confie.Integration.IntegrationTests\Confie.Integration.IntegrationTests.csproj", "{07E26252-7A0A-455E-A6EC-BF2CA1A7698C}"
EndProject
Project("{2150E333-8FDC-42A3-9474-1A3956D46DE8}") = "Applications", "Applications", "{2AADF660-7C18-4738-9430-8E0A80D15244}"
EndProject
Project("{2150E333-8FDC-42A3-9474-1A3956D46DE8}") = "Framework", "Framework", "{57D99A9A-44D3-4E55-975D-1917BAA0A127}"
EndProject
Project("{2150E333-8FDC-42A3-9474-1A3956D46DE8}") = "Logging", "Logging", "{B34F61CF-FE38-4E61-9745-2130A747A557}"
EndProject
Project("{FAE04EC0-301F-11D3-BF4B-00C04F79EFBC}") = "Confie.Logging.WebApi", "src\Applications\Framework\Logging\Confie.Logging.WebApi\Confie.Logging.WebApi.csproj", "{06D732F5-8A29-4B80-B923-32866B368724}"
EndProject
Project("{FAE04EC0-301F-11D3-BF4B-00C04F79EFBC}") = "Confie.Logging.ServiceLogic", "src\Applications\Framework\Logging\Confie.Logging.ServiceLogic\Confie.Logging.ServiceLogic.csproj", "{9866DCC8-4E7E-4DDD-9F15-1AC47D1F2992}"
EndProject
Project("{2150E333-8FDC-42A3-9474-1A3956D46DE8}") = "Vendors", "Vendors", "{1622361F-36E5-4146-A13E-DC0AADCE4E7C}"
EndProject
Project("{2150E333-8FDC-42A3-9474-1A3956D46DE8}") = "WesternGeneral", "WesternGeneral", "{9A303F52-88EB-4D3A-9E65-82CCC276BAA1}"
EndProject
Project("{FAE04EC0-301F-11D3-BF4B-00C04F79EFBC}") = "Confie.WesternGeneral.ServiceLogic", "src\Applications\Vendors\WesternGeneral\Confie.WesternGeneral.ServiceLogic\Confie.WesternGeneral.ServiceLogic.csproj", "{D277F729-AD58-48C1-B678-2E87EC6590C6}"
EndProject
Project("{FAE04EC0-301F-11D3-BF4B-00C04F79EFBC}") = "Confie.WesternGeneral.Console", "src\Applications\Vendors\WesternGeneral\Confie.WesternGeneral.Console\Confie.WesternGeneral.Console.csproj", "{DFD3CB7B-3261-4B31-8C11-E606ED2C906C}"
EndProject
Project("{FAE04EC0-301F-11D3-BF4B-00C04F79EFBC}") = "Confie.WesternGeneral.UnitTests", "src\Applications\Vendors\WesternGeneral\Confie.WesternGeneral.UnitTests\Confie.WesternGeneral.UnitTests.csproj", "{069C1C70-C389-4F6C-97FC-53BF97E422EE}"
EndProject
Project("{FAE04EC0-301F-11D3-BF4B-00C04F79EFBC}") = "Confie.Vendors.UnitTests", "src\Libraries\Domains\Vendors\Confie.Vendors.UnitTests\Confie.Vendors.UnitTests.csproj", "{27C62012-C35F-4570-8F54-24285C3657C0}"
EndProject
Project("{FAE04EC0-301F-11D3-BF4B-00C04F79EFBC}") = "Confie.Vendors.IntegrationTests", "src\Libraries\Domains\Vendors\Confie.Vendors.IntegrationTests\Confie.Vendors.IntegrationTests.csproj", "{2727E66E-61FC-4B85-92A2-054528AEB4BC}"
EndProject
Global
	GlobalSection(SolutionConfigurationPlatforms) = preSolution
		Debug|Any CPU = Debug|Any CPU
		Release|Any CPU = Release|Any CPU
	EndGlobalSection
	GlobalSection(ProjectConfigurationPlatforms) = postSolution
		{BC5E4DDB-34B5-4A96-BA8F-73EDC9F2DB1C}.Debug|Any CPU.ActiveCfg = Debug|Any CPU
		{BC5E4DDB-34B5-4A96-BA8F-73EDC9F2DB1C}.Debug|Any CPU.Build.0 = Debug|Any CPU
		{BC5E4DDB-34B5-4A96-BA8F-73EDC9F2DB1C}.Release|Any CPU.ActiveCfg = Release|Any CPU
		{BC5E4DDB-34B5-4A96-BA8F-73EDC9F2DB1C}.Release|Any CPU.Build.0 = Release|Any CPU
		{495B42A0-F18F-4DE2-83BC-646A9154D2D8}.Debug|Any CPU.ActiveCfg = Debug|Any CPU
		{495B42A0-F18F-4DE2-83BC-646A9154D2D8}.Debug|Any CPU.Build.0 = Debug|Any CPU
		{495B42A0-F18F-4DE2-83BC-646A9154D2D8}.Release|Any CPU.ActiveCfg = Release|Any CPU
		{495B42A0-F18F-4DE2-83BC-646A9154D2D8}.Release|Any CPU.Build.0 = Release|Any CPU
		{D149C679-5AF7-4246-8B64-88438A60CCDC}.Debug|Any CPU.ActiveCfg = Debug|Any CPU
		{D149C679-5AF7-4246-8B64-88438A60CCDC}.Debug|Any CPU.Build.0 = Debug|Any CPU
		{D149C679-5AF7-4246-8B64-88438A60CCDC}.Release|Any CPU.ActiveCfg = Release|Any CPU
		{D149C679-5AF7-4246-8B64-88438A60CCDC}.Release|Any CPU.Build.0 = Release|Any CPU
		{AF63A59D-8492-4C54-A677-7866B42AAB41}.Debug|Any CPU.ActiveCfg = Debug|Any CPU
		{AF63A59D-8492-4C54-A677-7866B42AAB41}.Debug|Any CPU.Build.0 = Debug|Any CPU
		{AF63A59D-8492-4C54-A677-7866B42AAB41}.Release|Any CPU.ActiveCfg = Release|Any CPU
		{AF63A59D-8492-4C54-A677-7866B42AAB41}.Release|Any CPU.Build.0 = Release|Any CPU
		{07E26252-7A0A-455E-A6EC-BF2CA1A7698C}.Debug|Any CPU.ActiveCfg = Debug|Any CPU
		{07E26252-7A0A-455E-A6EC-BF2CA1A7698C}.Debug|Any CPU.Build.0 = Debug|Any CPU
		{07E26252-7A0A-455E-A6EC-BF2CA1A7698C}.Release|Any CPU.ActiveCfg = Release|Any CPU
		{07E26252-7A0A-455E-A6EC-BF2CA1A7698C}.Release|Any CPU.Build.0 = Release|Any CPU
		{06D732F5-8A29-4B80-B923-32866B368724}.Debug|Any CPU.ActiveCfg = Debug|Any CPU
		{06D732F5-8A29-4B80-B923-32866B368724}.Debug|Any CPU.Build.0 = Debug|Any CPU
		{06D732F5-8A29-4B80-B923-32866B368724}.Release|Any CPU.ActiveCfg = Release|Any CPU
		{06D732F5-8A29-4B80-B923-32866B368724}.Release|Any CPU.Build.0 = Release|Any CPU
		{9866DCC8-4E7E-4DDD-9F15-1AC47D1F2992}.Debug|Any CPU.ActiveCfg = Debug|Any CPU
		{9866DCC8-4E7E-4DDD-9F15-1AC47D1F2992}.Debug|Any CPU.Build.0 = Debug|Any CPU
		{9866DCC8-4E7E-4DDD-9F15-1AC47D1F2992}.Release|Any CPU.ActiveCfg = Release|Any CPU
		{9866DCC8-4E7E-4DDD-9F15-1AC47D1F2992}.Release|Any CPU.Build.0 = Release|Any CPU
		{D277F729-AD58-48C1-B678-2E87EC6590C6}.Debug|Any CPU.ActiveCfg = Debug|Any CPU
		{D277F729-AD58-48C1-B678-2E87EC6590C6}.Debug|Any CPU.Build.0 = Debug|Any CPU
		{D277F729-AD58-48C1-B678-2E87EC6590C6}.Release|Any CPU.ActiveCfg = Release|Any CPU
		{D277F729-AD58-48C1-B678-2E87EC6590C6}.Release|Any CPU.Build.0 = Release|Any CPU
		{DFD3CB7B-3261-4B31-8C11-E606ED2C906C}.Debug|Any CPU.ActiveCfg = Debug|Any CPU
		{DFD3CB7B-3261-4B31-8C11-E606ED2C906C}.Debug|Any CPU.Build.0 = Debug|Any CPU
		{DFD3CB7B-3261-4B31-8C11-E606ED2C906C}.Release|Any CPU.ActiveCfg = Release|Any CPU
		{DFD3CB7B-3261-4B31-8C11-E606ED2C906C}.Release|Any CPU.Build.0 = Release|Any CPU
		{069C1C70-C389-4F6C-97FC-53BF97E422EE}.Debug|Any CPU.ActiveCfg = Debug|Any CPU
		{069C1C70-C389-4F6C-97FC-53BF97E422EE}.Debug|Any CPU.Build.0 = Debug|Any CPU
		{069C1C70-C389-4F6C-97FC-53BF97E422EE}.Release|Any CPU.ActiveCfg = Release|Any CPU
		{069C1C70-C389-4F6C-97FC-53BF97E422EE}.Release|Any CPU.Build.0 = Release|Any CPU
		{27C62012-C35F-4570-8F54-24285C3657C0}.Debug|Any CPU.ActiveCfg = Debug|Any CPU
		{27C62012-C35F-4570-8F54-24285C3657C0}.Debug|Any CPU.Build.0 = Debug|Any CPU
		{27C62012-C35F-4570-8F54-24285C3657C0}.Release|Any CPU.ActiveCfg = Release|Any CPU
		{27C62012-C35F-4570-8F54-24285C3657C0}.Release|Any CPU.Build.0 = Release|Any CPU
		{2727E66E-61FC-4B85-92A2-054528AEB4BC}.Debug|Any CPU.ActiveCfg = Debug|Any CPU
		{2727E66E-61FC-4B85-92A2-054528AEB4BC}.Debug|Any CPU.Build.0 = Debug|Any CPU
		{2727E66E-61FC-4B85-92A2-054528AEB4BC}.Release|Any CPU.ActiveCfg = Release|Any CPU
		{2727E66E-61FC-4B85-92A2-054528AEB4BC}.Release|Any CPU.Build.0 = Release|Any CPU
	EndGlobalSection
	GlobalSection(SolutionProperties) = preSolution
		HideSolutionNode = FALSE
	EndGlobalSection
	GlobalSection(NestedProjects) = preSolution
		{E65C57EB-B5F9-4A6C-83AC-B2E35D2153D7} = {1D8E2C4C-9217-487B-99D3-BF1138AC3A67}
		{1D8E2C4C-9217-487B-99D3-BF1138AC3A67} = {7427ECD9-7E6A-4053-806C-E92C678082D6}
		{BC5E4DDB-34B5-4A96-BA8F-73EDC9F2DB1C} = {E65C57EB-B5F9-4A6C-83AC-B2E35D2153D7}
		{F6428CE1-70C1-41F4-B5B4-CF7FA42D691A} = {7427ECD9-7E6A-4053-806C-E92C678082D6}
		{495B42A0-F18F-4DE2-83BC-646A9154D2D8} = {F6428CE1-70C1-41F4-B5B4-CF7FA42D691A}
		{8C3F5FB9-96CE-47E3-9804-269403662971} = {7427ECD9-7E6A-4053-806C-E92C678082D6}
		{D149C679-5AF7-4246-8B64-88438A60CCDC} = {8C3F5FB9-96CE-47E3-9804-269403662971}
		{AF63A59D-8492-4C54-A677-7866B42AAB41} = {E65C57EB-B5F9-4A6C-83AC-B2E35D2153D7}
		{07E26252-7A0A-455E-A6EC-BF2CA1A7698C} = {8C3F5FB9-96CE-47E3-9804-269403662971}
		{57D99A9A-44D3-4E55-975D-1917BAA0A127} = {2AADF660-7C18-4738-9430-8E0A80D15244}
		{B34F61CF-FE38-4E61-9745-2130A747A557} = {57D99A9A-44D3-4E55-975D-1917BAA0A127}
		{06D732F5-8A29-4B80-B923-32866B368724} = {B34F61CF-FE38-4E61-9745-2130A747A557}
		{9866DCC8-4E7E-4DDD-9F15-1AC47D1F2992} = {B34F61CF-FE38-4E61-9745-2130A747A557}
		{1622361F-36E5-4146-A13E-DC0AADCE4E7C} = {2AADF660-7C18-4738-9430-8E0A80D15244}
		{9A303F52-88EB-4D3A-9E65-82CCC276BAA1} = {1622361F-36E5-4146-A13E-DC0AADCE4E7C}
		{D277F729-AD58-48C1-B678-2E87EC6590C6} = {9A303F52-88EB-4D3A-9E65-82CCC276BAA1}
		{DFD3CB7B-3261-4B31-8C11-E606ED2C906C} = {9A303F52-88EB-4D3A-9E65-82CCC276BAA1}
		{069C1C70-C389-4F6C-97FC-53BF97E422EE} = {9A303F52-88EB-4D3A-9E65-82CCC276BAA1}
		{27C62012-C35F-4570-8F54-24285C3657C0} = {E65C57EB-B5F9-4A6C-83AC-B2E35D2153D7}
		{2727E66E-61FC-4B85-92A2-054528AEB4BC} = {E65C57EB-B5F9-4A6C-83AC-B2E35D2153D7}
	EndGlobalSection
	GlobalSection(ExtensibilityGlobals) = postSolution
		SolutionGuid = {B4BE1519-0E8F-46D8-99CE-10FE92A35802}
	EndGlobalSection
EndGlobal
